
Microsoft Visual Studio Solution File, Format Version 12.00
# Visual Studio Version 16
VisualStudioVersion = 16.0.29306.81
MinimumVisualStudioVersion = 10.0.40219.1
Project("{2150E333-8FDC-42A3-9474-1A3956D46DE8}") = "1 - WebApi", "1 - WebApi", "{1742246B-2735-4AED-8C54-301BC829042D}"
EndProject
Project("{2150E333-8FDC-42A3-9474-1A3956D46DE8}") = "2 - Application", "2 - Application", "{C303A810-765E-496F-8A27-6776606F4F2E}"
EndProject
Project("{2150E333-8FDC-42A3-9474-1A3956D46DE8}") = "3 - Domain", "3 - Domain", "{E37C1410-5E4E-4336-819D-C28E95E4B756}"
EndProject
Project("{2150E333-8FDC-42A3-9474-1A3956D46DE8}") = "4 - Infraestructure", "4 - Infraestructure", "{A08DC043-313F-46C9-BF4D-9BD24A0DC2C0}"
EndProject
Project("{2150E333-8FDC-42A3-9474-1A3956D46DE8}") = "5 - ConsleTools", "5 - ConsleTools", "{68D5FED7-6D57-4898-8EF8-46473BD0DE26}"
EndProject
Project("{9A19103F-16F7-4668-BE54-9A1E7A4F7556}") = "Prueba.API", "Prueba\src\WebApi\WebApi\Prueba.API.csproj", "{551339C5-5386-43C0-8FE0-39923A78496C}"
EndProject
Project("{9A19103F-16F7-4668-BE54-9A1E7A4F7556}") = "Prueba.Application", "Prueba\src\Application\Prueba.Application\Prueba.Application.csproj", "{C6169E08-A6F3-41B2-A296-CA2AB2E56499}"
EndProject
Project("{9A19103F-16F7-4668-BE54-9A1E7A4F7556}") = "Prueba.Domain", "Prueba\src\Domain\Prueba.Domain\Prueba.Domain.csproj", "{AB90F1E9-E48E-41BB-BC1A-4770634414A8}"
EndProject
Project("{2150E333-8FDC-42A3-9474-1A3956D46DE8}") = "4.1 - Data", "4.1 - Data", "{4EA8411E-F312-43E7-A686-777DFBAFE4B4}"
EndProject
Project("{2150E333-8FDC-42A3-9474-1A3956D46DE8}") = "4.2 - CrossCutting", "4.2 - CrossCutting", "{CB1FEC71-5BEF-425A-BC16-0FD7CC73B3E7}"
EndProject
Project("{9A19103F-16F7-4668-BE54-9A1E7A4F7556}") = "Prueba.Data", "Prueba\src\Data\Prueba.Data\Prueba.Data.csproj", "{6CB03885-C318-4C65-95D7-DD28EED96DF1}"
EndProject
Project("{9A19103F-16F7-4668-BE54-9A1E7A4F7556}") = "CrossCutting", "Prueba\src\CrossCutting\CrossCutting\CrossCutting.csproj", "{18BAF430-7987-4634-BFEB-E429F4F5DBB3}"
EndProject
Project("{9A19103F-16F7-4668-BE54-9A1E7A4F7556}") = "Prueba.Aplication.Dto", "Prueba\src\Application.Dto\Prueba.Aplication.Dto\Prueba.Aplication.Dto.csproj", "{1883A0F0-2725-479D-8F77-4AA1109FC58D}"
EndProject
Project("{2150E333-8FDC-42A3-9474-1A3956D46DE8}") = "4.3 - Mapping", "4.3 - Mapping", "{31E6A756-9FA4-408A-BC04-DE51AF09BA01}"
EndProject
Project("{9A19103F-16F7-4668-BE54-9A1E7A4F7556}") = "Prueba.Mapping", "Prueba\src\Mapping\Prueba.Mapping\Prueba.Mapping.csproj", "{8D8E400D-9C7D-4213-A4C2-B984BFDD283E}"
EndProject
Project("{2150E333-8FDC-42A3-9474-1A3956D46DE8}") = "4.4 - Services", "4.4 - Services", "{490BD989-D48E-4158-AD3C-6410F69AFC51}"
EndProject
Project("{9A19103F-16F7-4668-BE54-9A1E7A4F7556}") = "Prueba.Services", "Prueba\src\Services\Prueba.Services\Prueba.Services.csproj", "{40B35E56-EB22-4290-8E34-866AB7C81276}"
EndProject
Project("{9A19103F-16F7-4668-BE54-9A1E7A4F7556}") = "Prueba.CronJobs", "Prueba\src\Services\Prueba.CronJobs\Prueba.CronJobs\Prueba.CronJobs.csproj", "{16AAE083-E4BE-4C71-9096-8FC26650794D}"
EndProject
Project("{9A19103F-16F7-4668-BE54-9A1E7A4F7556}") = "ConsoleClientExpiredItems", "Prueba\src\ConsoleClient\ConsoleClientExpiredItems\ConsoleClientExpiredItems\ConsoleClientExpiredItems.csproj", "{C08166E5-5BBD-47CD-9D30-32F9E40084CD}"
EndProject
Project("{9A19103F-16F7-4668-BE54-9A1E7A4F7556}") = "ConsoleClientRemoveItem", "Prueba\src\ConsoleClient\ConsoleClientRemoveItem\obj\ConsoleClientRemoveItem\ConsoleClientRemoveItem.csproj", "{4DBC8440-E98E-4423-9521-150F9008FC46}"
EndProject
Project("{9A19103F-16F7-4668-BE54-9A1E7A4F7556}") = "Prueba.Application.Unit.Tests", "Prueba\src\Application.Test\Prueba.Application.Tests\Prueba.Application.Unit.Tests.csproj", "{5EEE47FB-5737-4E69-A9D9-C13CCDBAA44B}"
EndProject
Project("{2150E333-8FDC-42A3-9474-1A3956D46DE8}") = "6 - Documentation", "6 - Documentation", "{7B6C3BAD-4104-4166-9850-DD5E83C552F8}"
	ProjectSection(SolutionItems) = preProject
		Prueba\src\Documentation\Arquitectura.pdf = Prueba\src\Documentation\Arquitectura.pdf
	EndProjectSection
EndProject
Global
	GlobalSection(SolutionConfigurationPlatforms) = preSolution
		Debug|Any CPU = Debug|Any CPU
		Release|Any CPU = Release|Any CPU
	EndGlobalSection
	GlobalSection(ProjectConfigurationPlatforms) = postSolution
		{551339C5-5386-43C0-8FE0-39923A78496C}.Debug|Any CPU.ActiveCfg = Debug|Any CPU
		{551339C5-5386-43C0-8FE0-39923A78496C}.Debug|Any CPU.Build.0 = Debug|Any CPU
		{551339C5-5386-43C0-8FE0-39923A78496C}.Release|Any CPU.ActiveCfg = Release|Any CPU
		{551339C5-5386-43C0-8FE0-39923A78496C}.Release|Any CPU.Build.0 = Release|Any CPU
		{C6169E08-A6F3-41B2-A296-CA2AB2E56499}.Debug|Any CPU.ActiveCfg = Debug|Any CPU
		{C6169E08-A6F3-41B2-A296-CA2AB2E56499}.Debug|Any CPU.Build.0 = Debug|Any CPU
		{C6169E08-A6F3-41B2-A296-CA2AB2E56499}.Release|Any CPU.ActiveCfg = Release|Any CPU
		{C6169E08-A6F3-41B2-A296-CA2AB2E56499}.Release|Any CPU.Build.0 = Release|Any CPU
		{AB90F1E9-E48E-41BB-BC1A-4770634414A8}.Debug|Any CPU.ActiveCfg = Debug|Any CPU
		{AB90F1E9-E48E-41BB-BC1A-4770634414A8}.Debug|Any CPU.Build.0 = Debug|Any CPU
		{AB90F1E9-E48E-41BB-BC1A-4770634414A8}.Release|Any CPU.ActiveCfg = Release|Any CPU
		{AB90F1E9-E48E-41BB-BC1A-4770634414A8}.Release|Any CPU.Build.0 = Release|Any CPU
		{6CB03885-C318-4C65-95D7-DD28EED96DF1}.Debug|Any CPU.ActiveCfg = Debug|Any CPU
		{6CB03885-C318-4C65-95D7-DD28EED96DF1}.Debug|Any CPU.Build.0 = Debug|Any CPU
		{6CB03885-C318-4C65-95D7-DD28EED96DF1}.Release|Any CPU.ActiveCfg = Release|Any CPU
		{6CB03885-C318-4C65-95D7-DD28EED96DF1}.Release|Any CPU.Build.0 = Release|Any CPU
		{18BAF430-7987-4634-BFEB-E429F4F5DBB3}.Debug|Any CPU.ActiveCfg = Debug|Any CPU
		{18BAF430-7987-4634-BFEB-E429F4F5DBB3}.Debug|Any CPU.Build.0 = Debug|Any CPU
		{18BAF430-7987-4634-BFEB-E429F4F5DBB3}.Release|Any CPU.ActiveCfg = Release|Any CPU
		{18BAF430-7987-4634-BFEB-E429F4F5DBB3}.Release|Any CPU.Build.0 = Release|Any CPU
		{1883A0F0-2725-479D-8F77-4AA1109FC58D}.Debug|Any CPU.ActiveCfg = Debug|Any CPU
		{1883A0F0-2725-479D-8F77-4AA1109FC58D}.Debug|Any CPU.Build.0 = Debug|Any CPU
		{1883A0F0-2725-479D-8F77-4AA1109FC58D}.Release|Any CPU.ActiveCfg = Release|Any CPU
		{1883A0F0-2725-479D-8F77-4AA1109FC58D}.Release|Any CPU.Build.0 = Release|Any CPU
		{8D8E400D-9C7D-4213-A4C2-B984BFDD283E}.Debug|Any CPU.ActiveCfg = Debug|Any CPU
		{8D8E400D-9C7D-4213-A4C2-B984BFDD283E}.Debug|Any CPU.Build.0 = Debug|Any CPU
		{8D8E400D-9C7D-4213-A4C2-B984BFDD283E}.Release|Any CPU.ActiveCfg = Release|Any CPU
		{8D8E400D-9C7D-4213-A4C2-B984BFDD283E}.Release|Any CPU.Build.0 = Release|Any CPU
		{40B35E56-EB22-4290-8E34-866AB7C81276}.Debug|Any CPU.ActiveCfg = Debug|Any CPU
		{40B35E56-EB22-4290-8E34-866AB7C81276}.Debug|Any CPU.Build.0 = Debug|Any CPU
		{40B35E56-EB22-4290-8E34-866AB7C81276}.Release|Any CPU.ActiveCfg = Release|Any CPU
		{40B35E56-EB22-4290-8E34-866AB7C81276}.Release|Any CPU.Build.0 = Release|Any CPU
		{16AAE083-E4BE-4C71-9096-8FC26650794D}.Debug|Any CPU.ActiveCfg = Debug|Any CPU
		{16AAE083-E4BE-4C71-9096-8FC26650794D}.Debug|Any CPU.Build.0 = Debug|Any CPU
		{16AAE083-E4BE-4C71-9096-8FC26650794D}.Release|Any CPU.ActiveCfg = Release|Any CPU
		{16AAE083-E4BE-4C71-9096-8FC26650794D}.Release|Any CPU.Build.0 = Release|Any CPU
		{C08166E5-5BBD-47CD-9D30-32F9E40084CD}.Debug|Any CPU.ActiveCfg = Debug|Any CPU
		{C08166E5-5BBD-47CD-9D30-32F9E40084CD}.Debug|Any CPU.Build.0 = Debug|Any CPU
		{C08166E5-5BBD-47CD-9D30-32F9E40084CD}.Release|Any CPU.ActiveCfg = Release|Any CPU
		{C08166E5-5BBD-47CD-9D30-32F9E40084CD}.Release|Any CPU.Build.0 = Release|Any CPU
		{4DBC8440-E98E-4423-9521-150F9008FC46}.Debug|Any CPU.ActiveCfg = Debug|Any CPU
		{4DBC8440-E98E-4423-9521-150F9008FC46}.Debug|Any CPU.Build.0 = Debug|Any CPU
		{4DBC8440-E98E-4423-9521-150F9008FC46}.Release|Any CPU.ActiveCfg = Release|Any CPU
		{4DBC8440-E98E-4423-9521-150F9008FC46}.Release|Any CPU.Build.0 = Release|Any CPU
		{5EEE47FB-5737-4E69-A9D9-C13CCDBAA44B}.Debug|Any CPU.ActiveCfg = Debug|Any CPU
		{5EEE47FB-5737-4E69-A9D9-C13CCDBAA44B}.Debug|Any CPU.Build.0 = Debug|Any CPU
		{5EEE47FB-5737-4E69-A9D9-C13CCDBAA44B}.Release|Any CPU.ActiveCfg = Release|Any CPU
		{5EEE47FB-5737-4E69-A9D9-C13CCDBAA44B}.Release|Any CPU.Build.0 = Release|Any CPU
	EndGlobalSection
	GlobalSection(SolutionProperties) = preSolution
		HideSolutionNode = FALSE
	EndGlobalSection
	GlobalSection(NestedProjects) = preSolution
		{551339C5-5386-43C0-8FE0-39923A78496C} = {1742246B-2735-4AED-8C54-301BC829042D}
		{C6169E08-A6F3-41B2-A296-CA2AB2E56499} = {C303A810-765E-496F-8A27-6776606F4F2E}
		{AB90F1E9-E48E-41BB-BC1A-4770634414A8} = {E37C1410-5E4E-4336-819D-C28E95E4B756}
		{4EA8411E-F312-43E7-A686-777DFBAFE4B4} = {A08DC043-313F-46C9-BF4D-9BD24A0DC2C0}
		{CB1FEC71-5BEF-425A-BC16-0FD7CC73B3E7} = {A08DC043-313F-46C9-BF4D-9BD24A0DC2C0}
		{6CB03885-C318-4C65-95D7-DD28EED96DF1} = {4EA8411E-F312-43E7-A686-777DFBAFE4B4}
		{18BAF430-7987-4634-BFEB-E429F4F5DBB3} = {CB1FEC71-5BEF-425A-BC16-0FD7CC73B3E7}
		{1883A0F0-2725-479D-8F77-4AA1109FC58D} = {C303A810-765E-496F-8A27-6776606F4F2E}
		{31E6A756-9FA4-408A-BC04-DE51AF09BA01} = {A08DC043-313F-46C9-BF4D-9BD24A0DC2C0}
		{8D8E400D-9C7D-4213-A4C2-B984BFDD283E} = {31E6A756-9FA4-408A-BC04-DE51AF09BA01}
		{490BD989-D48E-4158-AD3C-6410F69AFC51} = {A08DC043-313F-46C9-BF4D-9BD24A0DC2C0}
		{40B35E56-EB22-4290-8E34-866AB7C81276} = {490BD989-D48E-4158-AD3C-6410F69AFC51}
		{16AAE083-E4BE-4C71-9096-8FC26650794D} = {490BD989-D48E-4158-AD3C-6410F69AFC51}
		{C08166E5-5BBD-47CD-9D30-32F9E40084CD} = {68D5FED7-6D57-4898-8EF8-46473BD0DE26}
		{4DBC8440-E98E-4423-9521-150F9008FC46} = {68D5FED7-6D57-4898-8EF8-46473BD0DE26}
		{5EEE47FB-5737-4E69-A9D9-C13CCDBAA44B} = {C303A810-765E-496F-8A27-6776606F4F2E}
	EndGlobalSection
	GlobalSection(ExtensibilityGlobals) = postSolution
		SolutionGuid = {1303AB88-6C1B-45AA-92DA-DE5FBB870D89}
	EndGlobalSection
EndGlobal
